{
  "nodes": {
    "nixpkgs": {
      "locked": {
        "lastModified": 1604852208,
        "narHash": "sha256-o3zUOsjx5m2cWYw0gdJtP3Ltd92nDdofwvB8Sv4R/BM=",
        "owner": "NixOS",
        "repo": "nixpkgs",
        "rev": "5be2bb9e5e25f61b01de41824226078ecaae66f8",
        "type": "github"
      },
      "original": {
        "owner": "NixOS",
        "ref": "master",
        "repo": "nixpkgs",
        "type": "github"
      }
    },
    "root": {
      "inputs": {
        "nixpkgs": "nixpkgs",
        "utils": "utils"
      }
    },
    "utils": {
      "locked": {
        "lastModified": 1601282935,
        "narHash": "sha256-WQAFV6sGGQxrRs3a+/Yj9xUYvhTpukQJIcMbIi7LCJ4=",
        "owner": "numtide",
        "repo": "flake-utils",
        "rev": "588973065fce51f4763287f0fda87a174d78bf48",
        "type": "github"
      },
      "original": {
        "owner": "numtide",
        "repo": "flake-utils",
        "type": "github"
      }
    }
  },
  "root": "root",
  "version": 7
}
