{
  "nodes": {
    "flake-parts": {
      "inputs": {
        "nixpkgs-lib": [
          "nixpkgs"
        ]
      },
      "locked": {
        "lastModified": 1671710971,
        "narHash": "sha256-YZdt5IJrfsdUTtVB94EMsBvaJbK9ve6QaZyzRuup+sY=",
        "owner": "hercules-ci",
        "repo": "flake-parts",
        "rev": "98bec08c58a9547d705f2f5e300ac8eef6665e52",
        "type": "github"
      },
      "original": {
        "owner": "hercules-ci",
        "repo": "flake-parts",
        "type": "github"
      }
    },
    "nixpkgs": {
      "locked": {
        "lastModified": 1604852208,
        "narHash": "sha256-o3zUOsjx5m2cWYw0gdJtP3Ltd92nDdofwvB8Sv4R/BM=",
        "owner": "NixOS",
        "repo": "nixpkgs",
        "rev": "5be2bb9e5e25f61b01de41824226078ecaae66f8",
        "type": "github"
      },
      "original": {
        "owner": "NixOS",
        "ref": "master",
        "repo": "nixpkgs",
        "type": "github"
      }
    },
    "root": {
      "inputs": {
        "flake-parts": "flake-parts",
        "nixpkgs": "nixpkgs"
      }
    }
  },
  "root": "root",
  "version": 7
}
